{
  "name": "@aryth/bound-matrix",
  "version": "0.3.4",
  "lockfileVersion": 1,
  "requires": true,
  "dependencies": {
    "@aryth/bound-vector": {
      "version": "0.2.14",
      "resolved": "https://registry.npmjs.org/@aryth/bound-vector/-/bound-vector-0.2.14.tgz",
      "integrity": "sha512-PwsLh6xmKtgpmZz4CY4/5n8m6b9fqQvUP/8y2CtauQmkZVX/B1KPQwIF/Rwbx1zv3J4F9Xy80JIplh1NpGxRRQ==",
      "requires": {
        "@aryth/util-bound": "^0.2.14",
        "@ject/oneself": "^0.0.6",
        "@spare/string-value": "^0.8.8",
        "@typen/enum-check-levels": "^0.1.5",
        "@typen/literal": "^0.1.5",
        "@typen/num-strict": "^0.1.5"
      },
      "dependencies": {
        "@spare/string-value": {
          "version": "0.8.16",
          "resolved": "https://registry.npmjs.org/@spare/string-value/-/string-value-0.8.16.tgz",
          "integrity": "sha512-tnwA0pqXItt3dlN0hKQGnDfX6WIhzV9EKKezhBQ2PyVr4ZxX9dDHZk984LvtRaTqVKzo2KAb+xUaPgaCWSmzXQ==",
          "requires": {
            "@typen/enum-data-types": "^0.1.5"
          }
        }
      }
    },
    "@aryth/util-bound": {
      "version": "0.2.14",
      "resolved": "https://registry.npmjs.org/@aryth/util-bound/-/util-bound-0.2.14.tgz",
      "integrity": "sha512-TsilcTHd2BDQDJtTArxSS+3obLGRZJ71JLHrW9WxDqOHD6B5FZ2JsbdRQ3Vph273YU/LutsaD52O4fahOg8ZOw==",
      "requires": {
        "@typen/enum-check-levels": "^0.1.5",
        "@typen/num-loose": "^0.1.5",
        "@typen/num-strict": "^0.1.5",
        "typen": "^0.2.1"
      }
    },
    "@ject/oneself": {
      "version": "0.0.6",
      "resolved": "https://registry.npmjs.org/@ject/oneself/-/oneself-0.0.6.tgz",
      "integrity": "sha512-MHyuxuOIZpj1dMXfK9xjEaY9XXba0jwLxZN1sp6pTzAVnywLDj5Zk/87oZWXU3UODorPsOvG/AlHZVyQfmOtcg=="
    },
    "@spare/string-value": {
      "version": "0.9.8",
      "resolved": "https://registry.npmjs.org/@spare/string-value/-/string-value-0.9.8.tgz",
      "integrity": "sha512-5Lb2Py44LeYhs4p8JKYcklvZbrW4Wr3HmpfmmTKxP7nqwedm1W0MHzbQFtdQTogZzPeUfyjHje51ZL4blwZMPQ==",
      "requires": {
        "@typen/enum-data-types": "^0.1.10"
      }
    },
    "@typen/enum-check-levels": {
      "version": "0.1.10",
      "resolved": "https://registry.npmjs.org/@typen/enum-check-levels/-/enum-check-levels-0.1.10.tgz",
      "integrity": "sha512-O0ZakfL0Oq46cL1u8g6sko351xhqmM0UjbEHQoL4MH/GctMJMXBzJRfBQexZjZqiXzgp42XWIMlDZTKlrN2uNg=="
    },
    "@typen/enum-data-types": {
      "version": "0.1.10",
      "resolved": "https://registry.npmjs.org/@typen/enum-data-types/-/enum-data-types-0.1.10.tgz",
      "integrity": "sha512-daFiQAKjQeyGD+hK1cTTXkq978Kd7glxYSTroDR4s7fNMN/nEa7f7dKSM9ipWHbNs/yg9j4Ne4Ewn6Rvidkjbw=="
    },
    "@typen/literal": {
      "version": "0.1.10",
      "resolved": "https://registry.npmjs.org/@typen/literal/-/literal-0.1.10.tgz",
      "integrity": "sha512-T4n0UOyAK6LOyEJ4RlRf9oejagLiLJJKoH64FqkmO8nwwy7r17hCdU4b3Oqp/mk0py0yfT7bGnfXJFpFjFdR5g==",
      "requires": {
        "@typen/enum-data-types": "^0.1.10"
      }
    },
    "@typen/nullish": {
      "version": "0.1.10",
      "resolved": "https://registry.npmjs.org/@typen/nullish/-/nullish-0.1.10.tgz",
      "integrity": "sha512-bgLvyQNQzC5W+ftrY/n5zOF87W8F8sjmYNFa4rsDUb8hyVHxcGVBpAu85DGfMffHHt9qI8SczTfVBjM2DfHiBw=="
    },
    "@typen/num-loose": {
      "version": "0.1.10",
      "resolved": "https://registry.npmjs.org/@typen/num-loose/-/num-loose-0.1.10.tgz",
      "integrity": "sha512-9fknmTO9DMJ/QINwWkrjdyiElqvGRTabO0vnJv2/SRzkT4eYQOHnpIZl/XUH1OswalczLYWYDKSlMVRlZmbWaQ==",
      "requires": {
        "@typen/enum-data-types": "^0.1.10",
        "@typen/typ": "^0.1.10"
      }
    },
    "@typen/num-strict": {
      "version": "0.1.10",
      "resolved": "https://registry.npmjs.org/@typen/num-strict/-/num-strict-0.1.10.tgz",
      "integrity": "sha512-Ye0XR+gZcXM5YOF+sRvwbJSDOLRqr3lHcdfP3huM3jhY+1T8heJpcEpesQ3q+qTOnyM2/0OVgVCeZaBL4a48wQ==",
      "requires": {
        "@typen/enum-data-types": "^0.1.10",
        "@typen/typ": "^0.1.10"
      }
    },
    "@typen/typ": {
      "version": "0.1.10",
      "resolved": "https://registry.npmjs.org/@typen/typ/-/typ-0.1.10.tgz",
      "integrity": "sha512-vwt9L+fVUGIGt44+s3aonlmSL1cZRvPlMHZ4XBJxB8AzPSYN9rOi1+vfUchHF/p4ugF27QOxbcm7uQNKVIl1IA=="
    },
    "@vect/matrix-init": {
      "version": "0.2.10",
      "resolved": "https://registry.npmjs.org/@vect/matrix-init/-/matrix-init-0.2.10.tgz",
      "integrity": "sha512-troNjjwWbFzvw4h/I4g3i5EVBeYryq5U0wbXTHFTeDprVHNPveu1E+Yffj7d4Y639JRHbBqtIKcOpcjtmQsG9w==",
      "requires": {
        "@typen/nullish": "^0.1.9"
      }
    },
    "@vect/matrix-mapper": {
      "version": "0.2.10",
      "resolved": "https://registry.npmjs.org/@vect/matrix-mapper/-/matrix-mapper-0.2.10.tgz",
      "integrity": "sha512-rxC2M2O0sVss+XA0pMd++zOz1fTRKJ7FvS0lRmyMG1etXzCYCyRrh1vOPhOpC5LqBTi14ZniFvMPt6KFJO348w=="
    },
    "@vect/matrix-size": {
      "version": "0.2.10",
      "resolved": "https://registry.npmjs.org/@vect/matrix-size/-/matrix-size-0.2.10.tgz",
      "integrity": "sha512-nJUI/WV4rMXMIXB0W1OWLprurUrcqOOVCqgTqHtbCGS3JdqOPoqM95NQOYrWr1StAYmF32VVCrTAv9BkVgUUNA=="
    },
    "typen": {
      "version": "0.2.1",
      "resolved": "https://registry.npmjs.org/typen/-/typen-0.2.1.tgz",
      "integrity": "sha512-iz4Lb+Bki0ygDim5kEwBLhN5FE4FFFIgvS+SLdCbrKg4mvuCPOItUKHtGuR/5kBpeDPh0J/pnlX1nBb7LrRgOg=="
    }
  }
}
